
Microsoft Visual Studio Solution File, Format Version 12.00
# Visual Studio 14
VisualStudioVersion = 14.0.25123.0
MinimumVisualStudioVersion = 10.0.40219.1
Project("{2150E333-8FDC-42A3-9474-1A3956D46DE8}") = "src", "src", "{52196F9C-31B7-4D22-910F-D76083BE3E88}"
EndProject
Project("{2150E333-8FDC-42A3-9474-1A3956D46DE8}") = "Solution Items", "Solution Items", "{FC212A09-7C39-43AD-B9A6-8E379519874F}"
	ProjectSection(SolutionItems) = preProject
		global.json = global.json
	EndProjectSection
EndProject
Project("{8BB2217D-0F2D-49D1-97BC-3654ED321F3B}") = "QuoteMyGoods.Web", "src\QuoteMyGoods\QuoteMyGoods.Web.xproj", "{0B24D0EF-8548-49C0-BDD5-EA3392D2F0C7}"
EndProject
Project("{8BB2217D-0F2D-49D1-97BC-3654ED321F3B}") = "QuoteMyGoods.Azure", "src\QMGAzureWrappers\QuoteMyGoods.Azure.xproj", "{13AD0D63-07B2-4E00-92C0-B5D419E4094F}"
EndProject
Project("{8BB2217D-0F2D-49D1-97BC-3654ED321F3B}") = "QuoteMyGoods.Business", "src\QuoteMyGoods.Business\QuoteMyGoods.Business.xproj", "{3298BBA3-7E77-45D8-8389-E35071B64003}"
EndProject
Project("{8BB2217D-0F2D-49D1-97BC-3654ED321F3B}") = "QuoteMyGoods.Data", "src\QuoteMyGoods.Data\QuoteMyGoods.Data.xproj", "{7DD3FADF-1D5F-470D-988F-E7EBB84B85A0}"
EndProject
Global
	GlobalSection(SolutionConfigurationPlatforms) = preSolution
		Debug|Any CPU = Debug|Any CPU
		Release|Any CPU = Release|Any CPU
	EndGlobalSection
	GlobalSection(ProjectConfigurationPlatforms) = postSolution
		{0B24D0EF-8548-49C0-BDD5-EA3392D2F0C7}.Debug|Any CPU.ActiveCfg = Debug|Any CPU
		{0B24D0EF-8548-49C0-BDD5-EA3392D2F0C7}.Debug|Any CPU.Build.0 = Debug|Any CPU
		{0B24D0EF-8548-49C0-BDD5-EA3392D2F0C7}.Release|Any CPU.ActiveCfg = Release|Any CPU
		{0B24D0EF-8548-49C0-BDD5-EA3392D2F0C7}.Release|Any CPU.Build.0 = Release|Any CPU
		{13AD0D63-07B2-4E00-92C0-B5D419E4094F}.Debug|Any CPU.ActiveCfg = Debug|Any CPU
		{13AD0D63-07B2-4E00-92C0-B5D419E4094F}.Debug|Any CPU.Build.0 = Debug|Any CPU
		{13AD0D63-07B2-4E00-92C0-B5D419E4094F}.Release|Any CPU.ActiveCfg = Release|Any CPU
		{13AD0D63-07B2-4E00-92C0-B5D419E4094F}.Release|Any CPU.Build.0 = Release|Any CPU
		{3298BBA3-7E77-45D8-8389-E35071B64003}.Debug|Any CPU.ActiveCfg = Debug|Any CPU
		{3298BBA3-7E77-45D8-8389-E35071B64003}.Debug|Any CPU.Build.0 = Debug|Any CPU
		{3298BBA3-7E77-45D8-8389-E35071B64003}.Release|Any CPU.ActiveCfg = Release|Any CPU
		{3298BBA3-7E77-45D8-8389-E35071B64003}.Release|Any CPU.Build.0 = Release|Any CPU
		{7DD3FADF-1D5F-470D-988F-E7EBB84B85A0}.Debug|Any CPU.ActiveCfg = Debug|Any CPU
		{7DD3FADF-1D5F-470D-988F-E7EBB84B85A0}.Debug|Any CPU.Build.0 = Debug|Any CPU
		{7DD3FADF-1D5F-470D-988F-E7EBB84B85A0}.Release|Any CPU.ActiveCfg = Release|Any CPU
		{7DD3FADF-1D5F-470D-988F-E7EBB84B85A0}.Release|Any CPU.Build.0 = Release|Any CPU
	EndGlobalSection
	GlobalSection(SolutionProperties) = preSolution
		HideSolutionNode = FALSE
	EndGlobalSection
	GlobalSection(NestedProjects) = preSolution
		{0B24D0EF-8548-49C0-BDD5-EA3392D2F0C7} = {52196F9C-31B7-4D22-910F-D76083BE3E88}
		{13AD0D63-07B2-4E00-92C0-B5D419E4094F} = {52196F9C-31B7-4D22-910F-D76083BE3E88}
		{3298BBA3-7E77-45D8-8389-E35071B64003} = {52196F9C-31B7-4D22-910F-D76083BE3E88}
		{7DD3FADF-1D5F-470D-988F-E7EBB84B85A0} = {52196F9C-31B7-4D22-910F-D76083BE3E88}
	EndGlobalSection
EndGlobal
